
Microsoft Visual Studio Solution File, Format Version 12.00
# Visual Studio Version 16
VisualStudioVersion = 16.0.31613.86
MinimumVisualStudioVersion = 10.0.40219.1
Project("{FAE04EC0-301F-11D3-BF4B-00C04F79EFBC}") = "Unity.ThirdParty", "Unity.ThirdParty.csproj", "{D2AD5BE1-263A-9A30-AB0F-DC5B08044350}"
EndProject
Project("{FAE04EC0-301F-11D3-BF4B-00C04F79EFBC}") = "Unity.Hotfix", "Unity.Hotfix.csproj", "{1066F652-6A89-D1C4-9881-1A19DF7AB80E}"
EndProject
Project("{FAE04EC0-301F-11D3-BF4B-00C04F79EFBC}") = "Unity.HotfixView", "Unity.HotfixView.csproj", "{D31345DE-9B88-525C-8E9C-744C99AE7509}"
EndProject
Project("{FAE04EC0-301F-11D3-BF4B-00C04F79EFBC}") = "Unity.Model", "Unity.Model.csproj", "{B4BF9894-F5D9-41C4-13E3-3F26F7700E29}"
EndProject
Project("{FAE04EC0-301F-11D3-BF4B-00C04F79EFBC}") = "Unity.ModelView", "Unity.ModelView.csproj", "{2F8409C1-DA01-D464-DBF2-00C6449E459E}"
EndProject
Project("{FAE04EC0-301F-11D3-BF4B-00C04F79EFBC}") = "Unity.Mono", "Unity.Mono.csproj", "{5910FA29-5797-199C-985B-FC9FC473328E}"
EndProject
Project("{FAE04EC0-301F-11D3-BF4B-00C04F79EFBC}") = "Unity.Editor", "Unity.Editor.csproj", "{041131CD-3018-19B1-81B6-5DBEE2467FFB}"
EndProject
Global
	GlobalSection(SolutionConfigurationPlatforms) = preSolution
		Debug|Any CPU = Debug|Any CPU
		Release|Any CPU = Release|Any CPU
	EndGlobalSection
	GlobalSection(ProjectConfigurationPlatforms) = postSolution
		{D2AD5BE1-263A-9A30-AB0F-DC5B08044350}.Debug|Any CPU.ActiveCfg = Debug|Any CPU
		{D2AD5BE1-263A-9A30-AB0F-DC5B08044350}.Debug|Any CPU.Build.0 = Debug|Any CPU
		{D2AD5BE1-263A-9A30-AB0F-DC5B08044350}.Release|Any CPU.ActiveCfg = Release|Any CPU
		{D2AD5BE1-263A-9A30-AB0F-DC5B08044350}.Release|Any CPU.Build.0 = Release|Any CPU
		{1066F652-6A89-D1C4-9881-1A19DF7AB80E}.Debug|Any CPU.ActiveCfg = Debug|Any CPU
		{1066F652-6A89-D1C4-9881-1A19DF7AB80E}.Debug|Any CPU.Build.0 = Debug|Any CPU
		{1066F652-6A89-D1C4-9881-1A19DF7AB80E}.Release|Any CPU.ActiveCfg = Release|Any CPU
		{1066F652-6A89-D1C4-9881-1A19DF7AB80E}.Release|Any CPU.Build.0 = Release|Any CPU
		{D31345DE-9B88-525C-8E9C-744C99AE7509}.Debug|Any CPU.ActiveCfg = Debug|Any CPU
		{D31345DE-9B88-525C-8E9C-744C99AE7509}.Debug|Any CPU.Build.0 = Debug|Any CPU
		{D31345DE-9B88-525C-8E9C-744C99AE7509}.Release|Any CPU.ActiveCfg = Release|Any CPU
		{D31345DE-9B88-525C-8E9C-744C99AE7509}.Release|Any CPU.Build.0 = Release|Any CPU
		{B4BF9894-F5D9-41C4-13E3-3F26F7700E29}.Debug|Any CPU.ActiveCfg = Debug|Any CPU
		{B4BF9894-F5D9-41C4-13E3-3F26F7700E29}.Debug|Any CPU.Build.0 = Debug|Any CPU
		{B4BF9894-F5D9-41C4-13E3-3F26F7700E29}.Release|Any CPU.ActiveCfg = Release|Any CPU
		{B4BF9894-F5D9-41C4-13E3-3F26F7700E29}.Release|Any CPU.Build.0 = Release|Any CPU
		{2F8409C1-DA01-D464-DBF2-00C6449E459E}.Debug|Any CPU.ActiveCfg = Debug|Any CPU
		{2F8409C1-DA01-D464-DBF2-00C6449E459E}.Debug|Any CPU.Build.0 = Debug|Any CPU
		{2F8409C1-DA01-D464-DBF2-00C6449E459E}.Release|Any CPU.ActiveCfg = Release|Any CPU
		{2F8409C1-DA01-D464-DBF2-00C6449E459E}.Release|Any CPU.Build.0 = Release|Any CPU
		{5910FA29-5797-199C-985B-FC9FC473328E}.Debug|Any CPU.ActiveCfg = Debug|Any CPU
		{5910FA29-5797-199C-985B-FC9FC473328E}.Debug|Any CPU.Build.0 = Debug|Any CPU
		{5910FA29-5797-199C-985B-FC9FC473328E}.Release|Any CPU.ActiveCfg = Release|Any CPU
		{5910FA29-5797-199C-985B-FC9FC473328E}.Release|Any CPU.Build.0 = Release|Any CPU
		{041131CD-3018-19B1-81B6-5DBEE2467FFB}.Debug|Any CPU.ActiveCfg = Debug|Any CPU
		{041131CD-3018-19B1-81B6-5DBEE2467FFB}.Debug|Any CPU.Build.0 = Debug|Any CPU
		{041131CD-3018-19B1-81B6-5DBEE2467FFB}.Release|Any CPU.ActiveCfg = Release|Any CPU
		{041131CD-3018-19B1-81B6-5DBEE2467FFB}.Release|Any CPU.Build.0 = Release|Any CPU
	EndGlobalSection
	GlobalSection(SolutionProperties) = preSolution
		HideSolutionNode = FALSE
	EndGlobalSection
	GlobalSection(ExtensibilityGlobals) = postSolution
		SolutionGuid = {644F32B2-EA19-452C-AE3C-19CA57897971}
	EndGlobalSection
EndGlobal
